
Microsoft Visual Studio Solution File, Format Version 12.00
# Visual Studio Version 16
VisualStudioVersion = 16.0.30413.136
MinimumVisualStudioVersion = 10.0.40219.1
Project("{FAE04EC0-301F-11D3-BF4B-00C04F79EFBC}") = "VeoxDiscordDeFiBot", "VeoxDiscordDeFiBot\VeoxDiscordDeFiBot.csproj", "{7BC0BA38-1AE8-4DAC-8764-FFA94AC3721E}"
EndProject
Global
	GlobalSection(SolutionConfigurationPlatforms) = preSolution
		Debug|Any CPU = Debug|Any CPU
		Release|Any CPU = Release|Any CPU
	EndGlobalSection
	GlobalSection(ProjectConfigurationPlatforms) = postSolution
		{7BC0BA38-1AE8-4DAC-8764-FFA94AC3721E}.Debug|Any CPU.ActiveCfg = Debug|Any CPU
		{7BC0BA38-1AE8-4DAC-8764-FFA94AC3721E}.Debug|Any CPU.Build.0 = Debug|Any CPU
		{7BC0BA38-1AE8-4DAC-8764-FFA94AC3721E}.Release|Any CPU.ActiveCfg = Release|Any CPU
		{7BC0BA38-1AE8-4DAC-8764-FFA94AC3721E}.Release|Any CPU.Build.0 = Release|Any CPU
	EndGlobalSection
	GlobalSection(SolutionProperties) = preSolution
		HideSolutionNode = FALSE
	EndGlobalSection
	GlobalSection(ExtensibilityGlobals) = postSolution
		SolutionGuid = {2764DC30-7A00-42E8-989F-009F7131E3F9}
	EndGlobalSection
EndGlobal
